
Microsoft Visual Studio Solution File, Format Version 12.00
# Visual Studio Version 17
VisualStudioVersion = 17.5.002.0
MinimumVisualStudioVersion = 10.0.40219.1
Project("{9A19103F-16F7-4668-BE54-9A1E7A4F7556}") = "BasicCtorPublisher", "BasicCtorPublisher\BasicCtorPublisher.csproj", "{C75E50FC-8380-48C7-88BA-2AB72BA4BE29}"
EndProject
Project("{9A19103F-16F7-4668-BE54-9A1E7A4F7556}") = "BasicDIPublisher", "BasicDIPublisher\BasicDIPublisher.csproj", "{08E6C5A2-D6F4-4F27-AE22-6E70FCB9A667}"
EndProject
Project("{9A19103F-16F7-4668-BE54-9A1E7A4F7556}") = "BasicSubscriber", "BasicSubscriber\BasicSubscriber.csproj", "{20CB83BC-332F-46E1-AA90-5FDA9247A6E1}"
EndProject
Project("{9A19103F-16F7-4668-BE54-9A1E7A4F7556}") = "MQConsumer", "MQConsumer\MQConsumer.csproj", "{8501C150-2E34-4C15-8632-CA2FD2B114C2}"
EndProject
Project("{9A19103F-16F7-4668-BE54-9A1E7A4F7556}") = "Publishers", "Publishers\Publishers.csproj", "{ADB37D80-F496-4C40-A371-82B18EF9C08F}"
EndProject
Project("{9A19103F-16F7-4668-BE54-9A1E7A4F7556}") = "PublishersDI", "PublishersDI\PublishersDI.csproj", "{DBB561B9-393C-4A2E-A3D6-185026A4C5E4}"
EndProject
Global
	GlobalSection(SolutionConfigurationPlatforms) = preSolution
		Debug|Any CPU = Debug|Any CPU
		Release|Any CPU = Release|Any CPU
	EndGlobalSection
	GlobalSection(ProjectConfigurationPlatforms) = postSolution
		{C75E50FC-8380-48C7-88BA-2AB72BA4BE29}.Debug|Any CPU.ActiveCfg = Debug|Any CPU
		{C75E50FC-8380-48C7-88BA-2AB72BA4BE29}.Debug|Any CPU.Build.0 = Debug|Any CPU
		{C75E50FC-8380-48C7-88BA-2AB72BA4BE29}.Release|Any CPU.ActiveCfg = Release|Any CPU
		{C75E50FC-8380-48C7-88BA-2AB72BA4BE29}.Release|Any CPU.Build.0 = Release|Any CPU
		{08E6C5A2-D6F4-4F27-AE22-6E70FCB9A667}.Debug|Any CPU.ActiveCfg = Debug|Any CPU
		{08E6C5A2-D6F4-4F27-AE22-6E70FCB9A667}.Debug|Any CPU.Build.0 = Debug|Any CPU
		{08E6C5A2-D6F4-4F27-AE22-6E70FCB9A667}.Release|Any CPU.ActiveCfg = Release|Any CPU
		{08E6C5A2-D6F4-4F27-AE22-6E70FCB9A667}.Release|Any CPU.Build.0 = Release|Any CPU
		{20CB83BC-332F-46E1-AA90-5FDA9247A6E1}.Debug|Any CPU.ActiveCfg = Debug|Any CPU
		{20CB83BC-332F-46E1-AA90-5FDA9247A6E1}.Debug|Any CPU.Build.0 = Debug|Any CPU
		{20CB83BC-332F-46E1-AA90-5FDA9247A6E1}.Release|Any CPU.ActiveCfg = Release|Any CPU
		{20CB83BC-332F-46E1-AA90-5FDA9247A6E1}.Release|Any CPU.Build.0 = Release|Any CPU
		{8501C150-2E34-4C15-8632-CA2FD2B114C2}.Debug|Any CPU.ActiveCfg = Debug|Any CPU
		{8501C150-2E34-4C15-8632-CA2FD2B114C2}.Debug|Any CPU.Build.0 = Debug|Any CPU
		{8501C150-2E34-4C15-8632-CA2FD2B114C2}.Release|Any CPU.ActiveCfg = Release|Any CPU
		{8501C150-2E34-4C15-8632-CA2FD2B114C2}.Release|Any CPU.Build.0 = Release|Any CPU
		{ADB37D80-F496-4C40-A371-82B18EF9C08F}.Debug|Any CPU.ActiveCfg = Debug|Any CPU
		{ADB37D80-F496-4C40-A371-82B18EF9C08F}.Debug|Any CPU.Build.0 = Debug|Any CPU
		{ADB37D80-F496-4C40-A371-82B18EF9C08F}.Release|Any CPU.ActiveCfg = Release|Any CPU
		{ADB37D80-F496-4C40-A371-82B18EF9C08F}.Release|Any CPU.Build.0 = Release|Any CPU
		{DBB561B9-393C-4A2E-A3D6-185026A4C5E4}.Debug|Any CPU.ActiveCfg = Debug|Any CPU
		{DBB561B9-393C-4A2E-A3D6-185026A4C5E4}.Debug|Any CPU.Build.0 = Debug|Any CPU
		{DBB561B9-393C-4A2E-A3D6-185026A4C5E4}.Release|Any CPU.ActiveCfg = Release|Any CPU
		{DBB561B9-393C-4A2E-A3D6-185026A4C5E4}.Release|Any CPU.Build.0 = Release|Any CPU
	EndGlobalSection
	GlobalSection(SolutionProperties) = preSolution
		HideSolutionNode = FALSE
	EndGlobalSection
	GlobalSection(ExtensibilityGlobals) = postSolution
		SolutionGuid = {32F25E23-E69B-47D9-A8EC-542621CC7CF4}
	EndGlobalSection
EndGlobal
