
Microsoft Visual Studio Solution File, Format Version 12.00
# Visual Studio Version 17
VisualStudioVersion = 17.5.002.0
MinimumVisualStudioVersion = 10.0.40219.1
Project("{9A19103F-16F7-4668-BE54-9A1E7A4F7556}") = "BasicSubscriberWithCircuitBreaker", "BasicSubscriberWithCircuitBreaker.csproj", "{1C706E3D-21D4-42E0-A612-F0938C956481}"
EndProject
Global
	GlobalSection(SolutionConfigurationPlatforms) = preSolution
		Debug|Any CPU = Debug|Any CPU
		Release|Any CPU = Release|Any CPU
	EndGlobalSection
	GlobalSection(ProjectConfigurationPlatforms) = postSolution
		{1C706E3D-21D4-42E0-A612-F0938C956481}.Debug|Any CPU.ActiveCfg = Debug|Any CPU
		{1C706E3D-21D4-42E0-A612-F0938C956481}.Debug|Any CPU.Build.0 = Debug|Any CPU
		{1C706E3D-21D4-42E0-A612-F0938C956481}.Release|Any CPU.ActiveCfg = Release|Any CPU
		{1C706E3D-21D4-42E0-A612-F0938C956481}.Release|Any CPU.Build.0 = Release|Any CPU
	EndGlobalSection
	GlobalSection(SolutionProperties) = preSolution
		HideSolutionNode = FALSE
	EndGlobalSection
	GlobalSection(ExtensibilityGlobals) = postSolution
		SolutionGuid = {6C626FA4-1AFF-494A-959B-AA01B9D68AED}
	EndGlobalSection
EndGlobal
